// !$*UTF8*$!
{
	archiveVersion = 1;
	classes = {
	};
	objectVersion = 50;
	objects = {

/* Begin PBXBuildFile section */
		6124288323BF265A00D83DEE /* LandmarkRow.swift in Sources */ = {isa = PBXBuildFile; fileRef = 6124288223BF265A00D83DEE /* LandmarkRow.swift */; };
		6124289023BF282100D83DEE /* silversalmoncreek.jpg in Resources */ = {isa = PBXBuildFile; fileRef = 6124288423BF282000D83DEE /* silversalmoncreek.jpg */; };
		6124289123BF282100D83DEE /* stmarylake.jpg in Resources */ = {isa = PBXBuildFile; fileRef = 6124288523BF282000D83DEE /* stmarylake.jpg */; };
		6124289223BF282100D83DEE /* twinlake.jpg in Resources */ = {isa = PBXBuildFile; fileRef = 6124288623BF282100D83DEE /* twinlake.jpg */; };
		6124289323BF282100D83DEE /* hiddenlake.jpg in Resources */ = {isa = PBXBuildFile; fileRef = 6124288723BF282100D83DEE /* hiddenlake.jpg */; };
		6124289423BF282100D83DEE /* chilkoottrail.jpg in Resources */ = {isa = PBXBuildFile; fileRef = 6124288823BF282100D83DEE /* chilkoottrail.jpg */; };
		6124289523BF282100D83DEE /* icybay.jpg in Resources */ = {isa = PBXBuildFile; fileRef = 6124288923BF282100D83DEE /* icybay.jpg */; };
		6124289623BF282100D83DEE /* umbagog.jpg in Resources */ = {isa = PBXBuildFile; fileRef = 6124288A23BF282100D83DEE /* umbagog.jpg */; };
		6124289723BF282100D83DEE /* lakemcdonald.jpg in Resources */ = {isa = PBXBuildFile; fileRef = 6124288B23BF282100D83DEE /* lakemcdonald.jpg */; };
		6124289823BF282100D83DEE /* chincoteague.jpg in Resources */ = {isa = PBXBuildFile; fileRef = 6124288C23BF282100D83DEE /* chincoteague.jpg */; };
		6124289923BF282100D83DEE /* turtlerock.jpg in Resources */ = {isa = PBXBuildFile; fileRef = 6124288D23BF282100D83DEE /* turtlerock.jpg */; };
		6124289A23BF282100D83DEE /* yukon_charleyrivers.jpg in Resources */ = {isa = PBXBuildFile; fileRef = 6124288E23BF282100D83DEE /* yukon_charleyrivers.jpg */; };
		6124289B23BF282100D83DEE /* rainbowlake.jpg in Resources */ = {isa = PBXBuildFile; fileRef = 6124288F23BF282100D83DEE /* rainbowlake.jpg */; };
		6124289D23BF294300D83DEE /* LandmarkList.swift in Sources */ = {isa = PBXBuildFile; fileRef = 6124289C23BF294300D83DEE /* LandmarkList.swift */; };
		619B9B2023AB760900909424 /* AppDelegate.swift in Sources */ = {isa = PBXBuildFile; fileRef = 619B9B1F23AB760900909424 /* AppDelegate.swift */; };
		619B9B2223AB760900909424 /* SceneDelegate.swift in Sources */ = {isa = PBXBuildFile; fileRef = 619B9B2123AB760900909424 /* SceneDelegate.swift */; };
		619B9B2423AB760900909424 /* LandmarkDetail.swift in Sources */ = {isa = PBXBuildFile; fileRef = 619B9B2323AB760900909424 /* LandmarkDetail.swift */; };
		619B9B2623AB760A00909424 /* Assets.xcassets in Resources */ = {isa = PBXBuildFile; fileRef = 619B9B2523AB760A00909424 /* Assets.xcassets */; };
		619B9B2923AB760A00909424 /* Preview Assets.xcassets in Resources */ = {isa = PBXBuildFile; fileRef = 619B9B2823AB760A00909424 /* Preview Assets.xcassets */; };
		619B9B2C23AB760A00909424 /* LaunchScreen.storyboard in Resources */ = {isa = PBXBuildFile; fileRef = 619B9B2A23AB760A00909424 /* LaunchScreen.storyboard */; };
		619B9B3723AB760A00909424 /* SwiftUIDemoTests.swift in Sources */ = {isa = PBXBuildFile; fileRef = 619B9B3623AB760A00909424 /* SwiftUIDemoTests.swift */; };
		619B9B4223AB760A00909424 /* SwiftUIDemoUITests.swift in Sources */ = {isa = PBXBuildFile; fileRef = 619B9B4123AB760A00909424 /* SwiftUIDemoUITests.swift */; };
		619B9B5023AB7AD000909424 /* CircleImage.swift in Sources */ = {isa = PBXBuildFile; fileRef = 619B9B4F23AB7AD000909424 /* CircleImage.swift */; };
		61B98C9023ACAF7D00B06B8B /* MapView.swift in Sources */ = {isa = PBXBuildFile; fileRef = 61B98C8F23ACAF7D00B06B8B /* MapView.swift */; };
		61B98C9823ACB91900B06B8B /* Landmark.swift in Sources */ = {isa = PBXBuildFile; fileRef = 61B98C9723ACB91900B06B8B /* Landmark.swift */; };
		61B98C9A23ACC0D700B06B8B /* Data.swift in Sources */ = {isa = PBXBuildFile; fileRef = 61B98C9923ACC0D700B06B8B /* Data.swift */; };
		61B98C9D23ACC74D00B06B8B /* landmarkData.json in Resources */ = {isa = PBXBuildFile; fileRef = 61B98C9C23ACC74D00B06B8B /* landmarkData.json */; };
/* End PBXBuildFile section */

/* Begin PBXContainerItemProxy section */
		619B9B3323AB760A00909424 /* PBXContainerItemProxy */ = {
			isa = PBXContainerItemProxy;
			containerPortal = 619B9B1423AB760900909424 /* Project object */;
			proxyType = 1;
			remoteGlobalIDString = 619B9B1B23AB760900909424;
			remoteInfo = SwiftUIDemo;
		};
		619B9B3E23AB760A00909424 /* PBXContainerItemProxy */ = {
			isa = PBXContainerItemProxy;
			containerPortal = 619B9B1423AB760900909424 /* Project object */;
			proxyType = 1;
			remoteGlobalIDString = 619B9B1B23AB760900909424;
			remoteInfo = SwiftUIDemo;
		};
/* End PBXContainerItemProxy section */

/* Begin PBXFileReference section */
		6124288223BF265A00D83DEE /* LandmarkRow.swift */ = {isa = PBXFileReference; lastKnownFileType = sourcecode.swift; path = LandmarkRow.swift; sourceTree = "<group>"; };
		6124288423BF282000D83DEE /* silversalmoncreek.jpg */ = {isa = PBXFileReference; lastKnownFileType = image.jpeg; path = silversalmoncreek.jpg; sourceTree = "<group>"; };
		6124288523BF282000D83DEE /* stmarylake.jpg */ = {isa = PBXFileReference; lastKnownFileType = image.jpeg; path = stmarylake.jpg; sourceTree = "<group>"; };
		6124288623BF282100D83DEE /* twinlake.jpg */ = {isa = PBXFileReference; lastKnownFileType = image.jpeg; path = twinlake.jpg; sourceTree = "<group>"; };
		6124288723BF282100D83DEE /* hiddenlake.jpg */ = {isa = PBXFileReference; lastKnownFileType = image.jpeg; path = hiddenlake.jpg; sourceTree = "<group>"; };
		6124288823BF282100D83DEE /* chilkoottrail.jpg */ = {isa = PBXFileReference; lastKnownFileType = image.jpeg; path = chilkoottrail.jpg; sourceTree = "<group>"; };
		6124288923BF282100D83DEE /* icybay.jpg */ = {isa = PBXFileReference; lastKnownFileType = image.jpeg; path = icybay.jpg; sourceTree = "<group>"; };
		6124288A23BF282100D83DEE /* umbagog.jpg */ = {isa = PBXFileReference; lastKnownFileType = image.jpeg; path = umbagog.jpg; sourceTree = "<group>"; };
		6124288B23BF282100D83DEE /* lakemcdonald.jpg */ = {isa = PBXFileReference; lastKnownFileType = image.jpeg; path = lakemcdonald.jpg; sourceTree = "<group>"; };
		6124288C23BF282100D83DEE /* chincoteague.jpg */ = {isa = PBXFileReference; lastKnownFileType = image.jpeg; path = chincoteague.jpg; sourceTree = "<group>"; };
		6124288D23BF282100D83DEE /* turtlerock.jpg */ = {isa = PBXFileReference; lastKnownFileType = image.jpeg; path = turtlerock.jpg; sourceTree = "<group>"; };
		6124288E23BF282100D83DEE /* yukon_charleyrivers.jpg */ = {isa = PBXFileReference; lastKnownFileType = image.jpeg; path = yukon_charleyrivers.jpg; sourceTree = "<group>"; };
		6124288F23BF282100D83DEE /* rainbowlake.jpg */ = {isa = PBXFileReference; lastKnownFileType = image.jpeg; path = rainbowlake.jpg; sourceTree = "<group>"; };
		6124289C23BF294300D83DEE /* LandmarkList.swift */ = {isa = PBXFileReference; lastKnownFileType = sourcecode.swift; path = LandmarkList.swift; sourceTree = "<group>"; };
		619B9B1C23AB760900909424 /* SwiftUIDemo.app */ = {isa = PBXFileReference; explicitFileType = wrapper.application; includeInIndex = 0; path = SwiftUIDemo.app; sourceTree = BUILT_PRODUCTS_DIR; };
		619B9B1F23AB760900909424 /* AppDelegate.swift */ = {isa = PBXFileReference; lastKnownFileType = sourcecode.swift; path = AppDelegate.swift; sourceTree = "<group>"; };
		619B9B2123AB760900909424 /* SceneDelegate.swift */ = {isa = PBXFileReference; lastKnownFileType = sourcecode.swift; path = SceneDelegate.swift; sourceTree = "<group>"; };
		619B9B2323AB760900909424 /* LandmarkDetail.swift */ = {isa = PBXFileReference; lastKnownFileType = sourcecode.swift; path = LandmarkDetail.swift; sourceTree = "<group>"; };
		619B9B2523AB760A00909424 /* Assets.xcassets */ = {isa = PBXFileReference; lastKnownFileType = folder.assetcatalog; path = Assets.xcassets; sourceTree = "<group>"; };
		619B9B2823AB760A00909424 /* Preview Assets.xcassets */ = {isa = PBXFileReference; lastKnownFileType = folder.assetcatalog; path = "Preview Assets.xcassets"; sourceTree = "<group>"; };
		619B9B2B23AB760A00909424 /* Base */ = {isa = PBXFileReference; lastKnownFileType = file.storyboard; name = Base; path = Base.lproj/LaunchScreen.storyboard; sourceTree = "<group>"; };
		619B9B2D23AB760A00909424 /* Info.plist */ = {isa = PBXFileReference; lastKnownFileType = text.plist.xml; path = Info.plist; sourceTree = "<group>"; };
		619B9B3223AB760A00909424 /* SwiftUIDemoTests.xctest */ = {isa = PBXFileReference; explicitFileType = wrapper.cfbundle; includeInIndex = 0; path = SwiftUIDemoTests.xctest; sourceTree = BUILT_PRODUCTS_DIR; };
		619B9B3623AB760A00909424 /* SwiftUIDemoTests.swift */ = {isa = PBXFileReference; lastKnownFileType = sourcecode.swift; path = SwiftUIDemoTests.swift; sourceTree = "<group>"; };
		619B9B3823AB760A00909424 /* Info.plist */ = {isa = PBXFileReference; lastKnownFileType = text.plist.xml; path = Info.plist; sourceTree = "<group>"; };
		619B9B3D23AB760A00909424 /* SwiftUIDemoUITests.xctest */ = {isa = PBXFileReference; explicitFileType = wrapper.cfbundle; includeInIndex = 0; path = SwiftUIDemoUITests.xctest; sourceTree = BUILT_PRODUCTS_DIR; };
		619B9B4123AB760A00909424 /* SwiftUIDemoUITests.swift */ = {isa = PBXFileReference; lastKnownFileType = sourcecode.swift; path = SwiftUIDemoUITests.swift; sourceTree = "<group>"; };
		619B9B4323AB760A00909424 /* Info.plist */ = {isa = PBXFileReference; lastKnownFileType = text.plist.xml; path = Info.plist; sourceTree = "<group>"; };
		619B9B4F23AB7AD000909424 /* CircleImage.swift */ = {isa = PBXFileReference; lastKnownFileType = sourcecode.swift; path = CircleImage.swift; sourceTree = "<group>"; };
		61B98C8F23ACAF7D00B06B8B /* MapView.swift */ = {isa = PBXFileReference; lastKnownFileType = sourcecode.swift; path = MapView.swift; sourceTree = "<group>"; };
		61B98C9723ACB91900B06B8B /* Landmark.swift */ = {isa = PBXFileReference; lastKnownFileType = sourcecode.swift; path = Landmark.swift; sourceTree = "<group>"; };
		61B98C9923ACC0D700B06B8B /* Data.swift */ = {isa = PBXFileReference; lastKnownFileType = sourcecode.swift; path = Data.swift; sourceTree = "<group>"; };
		61B98C9C23ACC74D00B06B8B /* landmarkData.json */ = {isa = PBXFileReference; lastKnownFileType = text.json; path = landmarkData.json; sourceTree = "<group>"; };
/* End PBXFileReference section */

/* Begin PBXFrameworksBuildPhase section */
		619B9B1923AB760900909424 /* Frameworks */ = {
			isa = PBXFrameworksBuildPhase;
			buildActionMask = 2147483647;
			files = (
			);
			runOnlyForDeploymentPostprocessing = 0;
		};
		619B9B2F23AB760A00909424 /* Frameworks */ = {
			isa = PBXFrameworksBuildPhase;
			buildActionMask = 2147483647;
			files = (
			);
			runOnlyForDeploymentPostprocessing = 0;
		};
		619B9B3A23AB760A00909424 /* Frameworks */ = {
			isa = PBXFrameworksBuildPhase;
			buildActionMask = 2147483647;
			files = (
			);
			runOnlyForDeploymentPostprocessing = 0;
		};
/* End PBXFrameworksBuildPhase section */

/* Begin PBXGroup section */
		619B9B1323AB760900909424 = {
			isa = PBXGroup;
			children = (
				619B9B1E23AB760900909424 /* SwiftUIDemo */,
				619B9B3523AB760A00909424 /* SwiftUIDemoTests */,
				619B9B4023AB760A00909424 /* SwiftUIDemoUITests */,
				619B9B1D23AB760900909424 /* Products */,
			);
			sourceTree = "<group>";
		};
		619B9B1D23AB760900909424 /* Products */ = {
			isa = PBXGroup;
			children = (
				619B9B1C23AB760900909424 /* SwiftUIDemo.app */,
				619B9B3223AB760A00909424 /* SwiftUIDemoTests.xctest */,
				619B9B3D23AB760A00909424 /* SwiftUIDemoUITests.xctest */,
			);
			name = Products;
			sourceTree = "<group>";
		};
		619B9B1E23AB760900909424 /* SwiftUIDemo */ = {
			isa = PBXGroup;
			children = (
				61B98C9223ACB83400B06B8B /* Views */,
				61B98C9423ACB8F200B06B8B /* Models */,
				61B98C9B23ACC72200B06B8B /* Resources */,
				61B98C9323ACB89D00B06B8B /* Supporting Files */,
				619B9B2723AB760A00909424 /* Preview Content */,
			);
			path = SwiftUIDemo;
			sourceTree = "<group>";
		};
		619B9B2723AB760A00909424 /* Preview Content */ = {
			isa = PBXGroup;
			children = (
				619B9B2823AB760A00909424 /* Preview Assets.xcassets */,
			);
			path = "Preview Content";
			sourceTree = "<group>";
		};
		619B9B3523AB760A00909424 /* SwiftUIDemoTests */ = {
			isa = PBXGroup;
			children = (
				619B9B3623AB760A00909424 /* SwiftUIDemoTests.swift */,
				619B9B3823AB760A00909424 /* Info.plist */,
			);
			path = SwiftUIDemoTests;
			sourceTree = "<group>";
		};
		619B9B4023AB760A00909424 /* SwiftUIDemoUITests */ = {
			isa = PBXGroup;
			children = (
				619B9B4123AB760A00909424 /* SwiftUIDemoUITests.swift */,
				619B9B4323AB760A00909424 /* Info.plist */,
			);
			path = SwiftUIDemoUITests;
			sourceTree = "<group>";
		};
		61B98C9223ACB83400B06B8B /* Views */ = {
			isa = PBXGroup;
			children = (
				619B9B2323AB760900909424 /* LandmarkDetail.swift */,
				6124288223BF265A00D83DEE /* LandmarkRow.swift */,
				6124289C23BF294300D83DEE /* LandmarkList.swift */,
				619B9B4F23AB7AD000909424 /* CircleImage.swift */,
				61B98C8F23ACAF7D00B06B8B /* MapView.swift */,
			);
			path = Views;
			sourceTree = "<group>";
		};
		61B98C9323ACB89D00B06B8B /* Supporting Files */ = {
			isa = PBXGroup;
			children = (
				619B9B1F23AB760900909424 /* AppDelegate.swift */,
				619B9B2123AB760900909424 /* SceneDelegate.swift */,
				619B9B2523AB760A00909424 /* Assets.xcassets */,
				619B9B2A23AB760A00909424 /* LaunchScreen.storyboard */,
				619B9B2D23AB760A00909424 /* Info.plist */,
			);
			path = "Supporting Files";
			sourceTree = "<group>";
		};
		61B98C9423ACB8F200B06B8B /* Models */ = {
			isa = PBXGroup;
			children = (
				61B98C9723ACB91900B06B8B /* Landmark.swift */,
				61B98C9923ACC0D700B06B8B /* Data.swift */,
			);
			path = Models;
			sourceTree = "<group>";
		};
		61B98C9B23ACC72200B06B8B /* Resources */ = {
			isa = PBXGroup;
			children = (
				61B98C9C23ACC74D00B06B8B /* landmarkData.json */,
				6124288823BF282100D83DEE /* chilkoottrail.jpg */,
				6124288C23BF282100D83DEE /* chincoteague.jpg */,
				6124288723BF282100D83DEE /* hiddenlake.jpg */,
				6124288923BF282100D83DEE /* icybay.jpg */,
				6124288B23BF282100D83DEE /* lakemcdonald.jpg */,
				6124288F23BF282100D83DEE /* rainbowlake.jpg */,
				6124288423BF282000D83DEE /* silversalmoncreek.jpg */,
				6124288523BF282000D83DEE /* stmarylake.jpg */,
				6124288D23BF282100D83DEE /* turtlerock.jpg */,
				6124288623BF282100D83DEE /* twinlake.jpg */,
				6124288A23BF282100D83DEE /* umbagog.jpg */,
				6124288E23BF282100D83DEE /* yukon_charleyrivers.jpg */,
			);
			path = Resources;
			sourceTree = "<group>";
		};
/* End PBXGroup section */

/* Begin PBXNativeTarget section */
		619B9B1B23AB760900909424 /* SwiftUIDemo */ = {
			isa = PBXNativeTarget;
			buildConfigurationList = 619B9B4623AB760A00909424 /* Build configuration list for PBXNativeTarget "SwiftUIDemo" */;
			buildPhases = (
				619B9B1823AB760900909424 /* Sources */,
				619B9B1923AB760900909424 /* Frameworks */,
				619B9B1A23AB760900909424 /* Resources */,
			);
			buildRules = (
			);
			dependencies = (
			);
			name = SwiftUIDemo;
			productName = SwiftUIDemo;
			productReference = 619B9B1C23AB760900909424 /* SwiftUIDemo.app */;
			productType = "com.apple.product-type.application";
		};
		619B9B3123AB760A00909424 /* SwiftUIDemoTests */ = {
			isa = PBXNativeTarget;
			buildConfigurationList = 619B9B4923AB760A00909424 /* Build configuration list for PBXNativeTarget "SwiftUIDemoTests" */;
			buildPhases = (
				619B9B2E23AB760A00909424 /* Sources */,
				619B9B2F23AB760A00909424 /* Frameworks */,
				619B9B3023AB760A00909424 /* Resources */,
			);
			buildRules = (
			);
			dependencies = (
				619B9B3423AB760A00909424 /* PBXTargetDependency */,
			);
			name = SwiftUIDemoTests;
			productName = SwiftUIDemoTests;
			productReference = 619B9B3223AB760A00909424 /* SwiftUIDemoTests.xctest */;
			productType = "com.apple.product-type.bundle.unit-test";
		};
		619B9B3C23AB760A00909424 /* SwiftUIDemoUITests */ = {
			isa = PBXNativeTarget;
			buildConfigurationList = 619B9B4C23AB760A00909424 /* Build configuration list for PBXNativeTarget "SwiftUIDemoUITests" */;
			buildPhases = (
				619B9B3923AB760A00909424 /* Sources */,
				619B9B3A23AB760A00909424 /* Frameworks */,
				619B9B3B23AB760A00909424 /* Resources */,
			);
			buildRules = (
			);
			dependencies = (
				619B9B3F23AB760A00909424 /* PBXTargetDependency */,
			);
			name = SwiftUIDemoUITests;
			productName = SwiftUIDemoUITests;
			productReference = 619B9B3D23AB760A00909424 /* SwiftUIDemoUITests.xctest */;
			productType = "com.apple.product-type.bundle.ui-testing";
		};
/* End PBXNativeTarget section */

/* Begin PBXProject section */
		619B9B1423AB760900909424 /* Project object */ = {
			isa = PBXProject;
			attributes = {
				LastSwiftUpdateCheck = 1130;
				LastUpgradeCheck = 1130;
				ORGANIZATIONNAME = "Quincy-QC";
				TargetAttributes = {
					619B9B1B23AB760900909424 = {
						CreatedOnToolsVersion = 11.3;
					};
					619B9B3123AB760A00909424 = {
						CreatedOnToolsVersion = 11.3;
						TestTargetID = 619B9B1B23AB760900909424;
					};
					619B9B3C23AB760A00909424 = {
						CreatedOnToolsVersion = 11.3;
						TestTargetID = 619B9B1B23AB760900909424;
					};
				};
			};
			buildConfigurationList = 619B9B1723AB760900909424 /* Build configuration list for PBXProject "SwiftUIDemo" */;
			compatibilityVersion = "Xcode 9.3";
			developmentRegion = en;
			hasScannedForEncodings = 0;
			knownRegions = (
				en,
				Base,
			);
			mainGroup = 619B9B1323AB760900909424;
			productRefGroup = 619B9B1D23AB760900909424 /* Products */;
			projectDirPath = "";
			projectRoot = "";
			targets = (
				619B9B1B23AB760900909424 /* SwiftUIDemo */,
				619B9B3123AB760A00909424 /* SwiftUIDemoTests */,
				619B9B3C23AB760A00909424 /* SwiftUIDemoUITests */,
			);
		};
/* End PBXProject section */

/* Begin PBXResourcesBuildPhase section */
		619B9B1A23AB760900909424 /* Resources */ = {
			isa = PBXResourcesBuildPhase;
			buildActionMask = 2147483647;
			files = (
				6124289123BF282100D83DEE /* stmarylake.jpg in Resources */,
				6124289423BF282100D83DEE /* chilkoottrail.jpg in Resources */,
				6124289923BF282100D83DEE /* turtlerock.jpg in Resources */,
				6124289023BF282100D83DEE /* silversalmoncreek.jpg in Resources */,
				6124289A23BF282100D83DEE /* yukon_charleyrivers.jpg in Resources */,
				619B9B2C23AB760A00909424 /* LaunchScreen.storyboard in Resources */,
				61B98C9D23ACC74D00B06B8B /* landmarkData.json in Resources */,
				6124289823BF282100D83DEE /* chincoteague.jpg in Resources */,
				6124289223BF282100D83DEE /* twinlake.jpg in Resources */,
				6124289723BF282100D83DEE /* lakemcdonald.jpg in Resources */,
				619B9B2923AB760A00909424 /* Preview Assets.xcassets in Resources */,
				6124289323BF282100D83DEE /* hiddenlake.jpg in Resources */,
				6124289523BF282100D83DEE /* icybay.jpg in Resources */,
				6124289B23BF282100D83DEE /* rainbowlake.jpg in Resources */,
				6124289623BF282100D83DEE /* umbagog.jpg in Resources */,
				619B9B2623AB760A00909424 /* Assets.xcassets in Resources */,
			);
			runOnlyForDeploymentPostprocessing = 0;
		};
		619B9B3023AB760A00909424 /* Resources */ = {
			isa = PBXResourcesBuildPhase;
			buildActionMask = 2147483647;
			files = (
			);
			runOnlyForDeploymentPostprocessing = 0;
		};
		619B9B3B23AB760A00909424 /* Resources */ = {
			isa = PBXResourcesBuildPhase;
			buildActionMask = 2147483647;
			files = (
			);
			runOnlyForDeploymentPostprocessing = 0;
		};
/* End PBXResourcesBuildPhase section */

/* Begin PBXSourcesBuildPhase section */
		619B9B1823AB760900909424 /* Sources */ = {
			isa = PBXSourcesBuildPhase;
			buildActionMask = 2147483647;
			files = (
				61B98C9A23ACC0D700B06B8B /* Data.swift in Sources */,
				619B9B2023AB760900909424 /* AppDelegate.swift in Sources */,
				619B9B5023AB7AD000909424 /* CircleImage.swift in Sources */,
				61B98C9023ACAF7D00B06B8B /* MapView.swift in Sources */,
				6124289D23BF294300D83DEE /* LandmarkList.swift in Sources */,
				619B9B2223AB760900909424 /* SceneDelegate.swift in Sources */,
				619B9B2423AB760900909424 /* LandmarkDetail.swift in Sources */,
				6124288323BF265A00D83DEE /* LandmarkRow.swift in Sources */,
				61B98C9823ACB91900B06B8B /* Landmark.swift in Sources */,
			);
			runOnlyForDeploymentPostprocessing = 0;
		};
		619B9B2E23AB760A00909424 /* Sources */ = {
			isa = PBXSourcesBuildPhase;
			buildActionMask = 2147483647;
			files = (
				619B9B3723AB760A00909424 /* SwiftUIDemoTests.swift in Sources */,
			);
			runOnlyForDeploymentPostprocessing = 0;
		};
		619B9B3923AB760A00909424 /* Sources */ = {
			isa = PBXSourcesBuildPhase;
			buildActionMask = 2147483647;
			files = (
				619B9B4223AB760A00909424 /* SwiftUIDemoUITests.swift in Sources */,
			);
			runOnlyForDeploymentPostprocessing = 0;
		};
/* End PBXSourcesBuildPhase section */

/* Begin PBXTargetDependency section */
		619B9B3423AB760A00909424 /* PBXTargetDependency */ = {
			isa = PBXTargetDependency;
			target = 619B9B1B23AB760900909424 /* SwiftUIDemo */;
			targetProxy = 619B9B3323AB760A00909424 /* PBXContainerItemProxy */;
		};
		619B9B3F23AB760A00909424 /* PBXTargetDependency */ = {
			isa = PBXTargetDependency;
			target = 619B9B1B23AB760900909424 /* SwiftUIDemo */;
			targetProxy = 619B9B3E23AB760A00909424 /* PBXContainerItemProxy */;
		};
/* End PBXTargetDependency section */

/* Begin PBXVariantGroup section */
		619B9B2A23AB760A00909424 /* LaunchScreen.storyboard */ = {
			isa = PBXVariantGroup;
			children = (
				619B9B2B23AB760A00909424 /* Base */,
			);
			name = LaunchScreen.storyboard;
			sourceTree = "<group>";
		};
/* End PBXVariantGroup section */

/* Begin XCBuildConfiguration section */
		619B9B4423AB760A00909424 /* Debug */ = {
			isa = XCBuildConfiguration;
			buildSettings = {
				ALWAYS_SEARCH_USER_PATHS = NO;
				CLANG_ANALYZER_NONNULL = YES;
				CLANG_ANALYZER_NUMBER_OBJECT_CONVERSION = YES_AGGRESSIVE;
				CLANG_CXX_LANGUAGE_STANDARD = "gnu++14";
				CLANG_CXX_LIBRARY = "libc++";
				CLANG_ENABLE_MODULES = YES;
				CLANG_ENABLE_OBJC_ARC = YES;
				CLANG_ENABLE_OBJC_WEAK = YES;
				CLANG_WARN_BLOCK_CAPTURE_AUTORELEASING = YES;
				CLANG_WARN_BOOL_CONVERSION = YES;
				CLANG_WARN_COMMA = YES;
				CLANG_WARN_CONSTANT_CONVERSION = YES;
				CLANG_WARN_DEPRECATED_OBJC_IMPLEMENTATIONS = YES;
				CLANG_WARN_DIRECT_OBJC_ISA_USAGE = YES_ERROR;
				CLANG_WARN_DOCUMENTATION_COMMENTS = YES;
				CLANG_WARN_EMPTY_BODY = YES;
				CLANG_WARN_ENUM_CONVERSION = YES;
				CLANG_WARN_INFINITE_RECURSION = YES;
				CLANG_WARN_INT_CONVERSION = YES;
				CLANG_WARN_NON_LITERAL_NULL_CONVERSION = YES;
				CLANG_WARN_OBJC_IMPLICIT_RETAIN_SELF = YES;
				CLANG_WARN_OBJC_LITERAL_CONVERSION = YES;
				CLANG_WARN_OBJC_ROOT_CLASS = YES_ERROR;
				CLANG_WARN_RANGE_LOOP_ANALYSIS = YES;
				CLANG_WARN_STRICT_PROTOTYPES = YES;
				CLANG_WARN_SUSPICIOUS_MOVE = YES;
				CLANG_WARN_UNGUARDED_AVAILABILITY = YES_AGGRESSIVE;
				CLANG_WARN_UNREACHABLE_CODE = YES;
				CLANG_WARN__DUPLICATE_METHOD_MATCH = YES;
				COPY_PHASE_STRIP = NO;
				DEBUG_INFORMATION_FORMAT = dwarf;
				ENABLE_STRICT_OBJC_MSGSEND = YES;
				ENABLE_TESTABILITY = YES;
				GCC_C_LANGUAGE_STANDARD = gnu11;
				GCC_DYNAMIC_NO_PIC = NO;
				GCC_NO_COMMON_BLOCKS = YES;
				GCC_OPTIMIZATION_LEVEL = 0;
				GCC_PREPROCESSOR_DEFINITIONS = (
					"DEBUG=1",
					"$(inherited)",
				);
				GCC_WARN_64_TO_32_BIT_CONVERSION = YES;
				GCC_WARN_ABOUT_RETURN_TYPE = YES_ERROR;
				GCC_WARN_UNDECLARED_SELECTOR = YES;
				GCC_WARN_UNINITIALIZED_AUTOS = YES_AGGRESSIVE;
				GCC_WARN_UNUSED_FUNCTION = YES;
				GCC_WARN_UNUSED_VARIABLE = YES;
				IPHONEOS_DEPLOYMENT_TARGET = 13.2;
				MTL_ENABLE_DEBUG_INFO = INCLUDE_SOURCE;
				MTL_FAST_MATH = YES;
				ONLY_ACTIVE_ARCH = YES;
				SDKROOT = iphoneos;
				SWIFT_ACTIVE_COMPILATION_CONDITIONS = DEBUG;
				SWIFT_OPTIMIZATION_LEVEL = "-Onone";
			};
			name = Debug;
		};
		619B9B4523AB760A00909424 /* Release */ = {
			isa = XCBuildConfiguration;
			buildSettings = {
				ALWAYS_SEARCH_USER_PATHS = NO;
				CLANG_ANALYZER_NONNULL = YES;
				CLANG_ANALYZER_NUMBER_OBJECT_CONVERSION = YES_AGGRESSIVE;
				CLANG_CXX_LANGUAGE_STANDARD = "gnu++14";
				CLANG_CXX_LIBRARY = "libc++";
				CLANG_ENABLE_MODULES = YES;
				CLANG_ENABLE_OBJC_ARC = YES;
				CLANG_ENABLE_OBJC_WEAK = YES;
				CLANG_WARN_BLOCK_CAPTURE_AUTORELEASING = YES;
				CLANG_WARN_BOOL_CONVERSION = YES;
				CLANG_WARN_COMMA = YES;
				CLANG_WARN_CONSTANT_CONVERSION = YES;
				CLANG_WARN_DEPRECATED_OBJC_IMPLEMENTATIONS = YES;
				CLANG_WARN_DIRECT_OBJC_ISA_USAGE = YES_ERROR;
				CLANG_WARN_DOCUMENTATION_COMMENTS = YES;
				CLANG_WARN_EMPTY_BODY = YES;
				CLANG_WARN_ENUM_CONVERSION = YES;
				CLANG_WARN_INFINITE_RECURSION = YES;
				CLANG_WARN_INT_CONVERSION = YES;
				CLANG_WARN_NON_LITERAL_NULL_CONVERSION = YES;
				CLANG_WARN_OBJC_IMPLICIT_RETAIN_SELF = YES;
				CLANG_WARN_OBJC_LITERAL_CONVERSION = YES;
				CLANG_WARN_OBJC_ROOT_CLASS = YES_ERROR;
				CLANG_WARN_RANGE_LOOP_ANALYSIS = YES;
				CLANG_WARN_STRICT_PROTOTYPES = YES;
				CLANG_WARN_SUSPICIOUS_MOVE = YES;
				CLANG_WARN_UNGUARDED_AVAILABILITY = YES_AGGRESSIVE;
				CLANG_WARN_UNREACHABLE_CODE = YES;
				CLANG_WARN__DUPLICATE_METHOD_MATCH = YES;
				COPY_PHASE_STRIP = NO;
				DEBUG_INFORMATION_FORMAT = "dwarf-with-dsym";
				ENABLE_NS_ASSERTIONS = NO;
				ENABLE_STRICT_OBJC_MSGSEND = YES;
				GCC_C_LANGUAGE_STANDARD = gnu11;
				GCC_NO_COMMON_BLOCKS = YES;
				GCC_WARN_64_TO_32_BIT_CONVERSION = YES;
				GCC_WARN_ABOUT_RETURN_TYPE = YES_ERROR;
				GCC_WARN_UNDECLARED_SELECTOR = YES;
				GCC_WARN_UNINITIALIZED_AUTOS = YES_AGGRESSIVE;
				GCC_WARN_UNUSED_FUNCTION = YES;
				GCC_WARN_UNUSED_VARIABLE = YES;
				IPHONEOS_DEPLOYMENT_TARGET = 13.2;
				MTL_ENABLE_DEBUG_INFO = NO;
				MTL_FAST_MATH = YES;
				SDKROOT = iphoneos;
				SWIFT_COMPILATION_MODE = wholemodule;
				SWIFT_OPTIMIZATION_LEVEL = "-O";
				VALIDATE_PRODUCT = YES;
			};
			name = Release;
		};
		619B9B4723AB760A00909424 /* Debug */ = {
			isa = XCBuildConfiguration;
			buildSettings = {
				ASSETCATALOG_COMPILER_APPICON_NAME = AppIcon;
				CODE_SIGN_STYLE = Automatic;
				DEVELOPMENT_ASSET_PATHS = "\"SwiftUIDemo/Preview Content\"";
				DEVELOPMENT_TEAM = S6FATWXVKH;
				ENABLE_PREVIEWS = YES;
				INFOPLIST_FILE = "SwiftUIDemo/Supporting Files/Info.plist";
				LD_RUNPATH_SEARCH_PATHS = (
					"$(inherited)",
					"@executable_path/Frameworks",
				);
				PRODUCT_BUNDLE_IDENTIFIER = com.quincy.SwiftUIDemo;
				PRODUCT_NAME = "$(TARGET_NAME)";
				SWIFT_VERSION = 5.0;
				TARGETED_DEVICE_FAMILY = "1,2";
			};
			name = Debug;
		};
		619B9B4823AB760A00909424 /* Release */ = {
			isa = XCBuildConfiguration;
			buildSettings = {
				ASSETCATALOG_COMPILER_APPICON_NAME = AppIcon;
				CODE_SIGN_STYLE = Automatic;
				DEVELOPMENT_ASSET_PATHS = "\"SwiftUIDemo/Preview Content\"";
				DEVELOPMENT_TEAM = S6FATWXVKH;
				ENABLE_PREVIEWS = YES;
				INFOPLIST_FILE = "SwiftUIDemo/Supporting Files/Info.plist";
				LD_RUNPATH_SEARCH_PATHS = (
					"$(inherited)",
					"@executable_path/Frameworks",
				);
				PRODUCT_BUNDLE_IDENTIFIER = com.quincy.SwiftUIDemo;
				PRODUCT_NAME = "$(TARGET_NAME)";
				SWIFT_VERSION = 5.0;
				TARGETED_DEVICE_FAMILY = "1,2";
			};
			name = Release;
		};
		619B9B4A23AB760A00909424 /* Debug */ = {
			isa = XCBuildConfiguration;
			buildSettings = {
				ALWAYS_EMBED_SWIFT_STANDARD_LIBRARIES = YES;
				BUNDLE_LOADER = "$(TEST_HOST)";
				CODE_SIGN_STYLE = Automatic;
				DEVELOPMENT_TEAM = S6FATWXVKH;
				INFOPLIST_FILE = SwiftUIDemoTests/Info.plist;
				IPHONEOS_DEPLOYMENT_TARGET = 13.2;
				LD_RUNPATH_SEARCH_PATHS = (
					"$(inherited)",
					"@executable_path/Frameworks",
					"@loader_path/Frameworks",
				);
				PRODUCT_BUNDLE_IDENTIFIER = com.quincy.SwiftUIDemoTests;
				PRODUCT_NAME = "$(TARGET_NAME)";
				SWIFT_VERSION = 5.0;
				TARGETED_DEVICE_FAMILY = "1,2";
				TEST_HOST = "$(BUILT_PRODUCTS_DIR)/SwiftUIDemo.app/SwiftUIDemo";
			};
			name = Debug;
		};
		619B9B4B23AB760A00909424 /* Release */ = {
			isa = XCBuildConfiguration;
			buildSettings = {
				ALWAYS_EMBED_SWIFT_STANDARD_LIBRARIES = YES;
				BUNDLE_LOADER = "$(TEST_HOST)";
				CODE_SIGN_STYLE = Automatic;
				DEVELOPMENT_TEAM = S6FATWXVKH;
				INFOPLIST_FILE = SwiftUIDemoTests/Info.plist;
				IPHONEOS_DEPLOYMENT_TARGET = 13.2;
				LD_RUNPATH_SEARCH_PATHS = (
					"$(inherited)",
					"@executable_path/Frameworks",
					"@loader_path/Frameworks",
				);
				PRODUCT_BUNDLE_IDENTIFIER = com.quincy.SwiftUIDemoTests;
				PRODUCT_NAME = "$(TARGET_NAME)";
				SWIFT_VERSION = 5.0;
				TARGETED_DEVICE_FAMILY = "1,2";
				TEST_HOST = "$(BUILT_PRODUCTS_DIR)/SwiftUIDemo.app/SwiftUIDemo";
			};
			name = Release;
		};
		619B9B4D23AB760A00909424 /* Debug */ = {
			isa = XCBuildConfiguration;
			buildSettings = {
				ALWAYS_EMBED_SWIFT_STANDARD_LIBRARIES = YES;
				CODE_SIGN_STYLE = Automatic;
				DEVELOPMENT_TEAM = S6FATWXVKH;
				INFOPLIST_FILE = SwiftUIDemoUITests/Info.plist;
				LD_RUNPATH_SEARCH_PATHS = (
					"$(inherited)",
					"@executable_path/Frameworks",
					"@loader_path/Frameworks",
				);
				PRODUCT_BUNDLE_IDENTIFIER = com.quincy.SwiftUIDemoUITests;
				PRODUCT_NAME = "$(TARGET_NAME)";
				SWIFT_VERSION = 5.0;
				TARGETED_DEVICE_FAMILY = "1,2";
				TEST_TARGET_NAME = SwiftUIDemo;
			};
			name = Debug;
		};
		619B9B4E23AB760A00909424 /* Release */ = {
			isa = XCBuildConfiguration;
			buildSettings = {
				ALWAYS_EMBED_SWIFT_STANDARD_LIBRARIES = YES;
				CODE_SIGN_STYLE = Automatic;
				DEVELOPMENT_TEAM = S6FATWXVKH;
				INFOPLIST_FILE = SwiftUIDemoUITests/Info.plist;
				LD_RUNPATH_SEARCH_PATHS = (
					"$(inherited)",
					"@executable_path/Frameworks",
					"@loader_path/Frameworks",
				);
				PRODUCT_BUNDLE_IDENTIFIER = com.quincy.SwiftUIDemoUITests;
				PRODUCT_NAME = "$(TARGET_NAME)";
				SWIFT_VERSION = 5.0;
				TARGETED_DEVICE_FAMILY = "1,2";
				TEST_TARGET_NAME = SwiftUIDemo;
			};
			name = Release;
		};
/* End XCBuildConfiguration section */

/* Begin XCConfigurationList section */
		619B9B1723AB760900909424 /* Build configuration list for PBXProject "SwiftUIDemo" */ = {
			isa = XCConfigurationList;
			buildConfigurations = (
				619B9B4423AB760A00909424 /* Debug */,
				619B9B4523AB760A00909424 /* Release */,
			);
			defaultConfigurationIsVisible = 0;
			defaultConfigurationName = Release;
		};
		619B9B4623AB760A00909424 /* Build configuration list for PBXNativeTarget "SwiftUIDemo" */ = {
			isa = XCConfigurationList;
			buildConfigurations = (
				619B9B4723AB760A00909424 /* Debug */,
				619B9B4823AB760A00909424 /* Release */,
			);
			defaultConfigurationIsVisible = 0;
			defaultConfigurationName = Release;
		};
		619B9B4923AB760A00909424 /* Build configuration list for PBXNativeTarget "SwiftUIDemoTests" */ = {
			isa = XCConfigurationList;
			buildConfigurations = (
				619B9B4A23AB760A00909424 /* Debug */,
				619B9B4B23AB760A00909424 /* Release */,
			);
			defaultConfigurationIsVisible = 0;
			defaultConfigurationName = Release;
		};
		619B9B4C23AB760A00909424 /* Build configuration list for PBXNativeTarget "SwiftUIDemoUITests" */ = {
			isa = XCConfigurationList;
			buildConfigurations = (
				619B9B4D23AB760A00909424 /* Debug */,
				619B9B4E23AB760A00909424 /* Release */,
			);
			defaultConfigurationIsVisible = 0;
			defaultConfigurationName = Release;
		};
/* End XCConfigurationList section */
	};
	rootObject = 619B9B1423AB760900909424 /* Project object */;
}
